
Microsoft Visual Studio Solution File, Format Version 12.00
# Visual Studio Version 17
VisualStudioVersion = 17.3.32825.248
MinimumVisualStudioVersion = 10.0.40219.1
Project("{8BC9CEB8-8B4A-11D0-8D11-00A0C91BC942}") = "Chap00", "Chap00\Chap00.vcxproj", "{861A7F20-E8D8-4EA2-9E1E-D916570B3F3B}"
EndProject
Project("{8BC9CEB8-8B4A-11D0-8D11-00A0C91BC942}") = "Chap00_변수", "Chap00_변수.cpp\Chap00_변수.cpp.vcxproj", "{251CFF65-EFEA-48E7-A0FB-ACD53D52BE87}"
EndProject
Project("{8BC9CEB8-8B4A-11D0-8D11-00A0C91BC942}") = "Chap00_형변환", "Chap00_형변환\Chap00_형변환.vcxproj", "{0C5DA3D2-80D8-4401-A951-15DC14CCAF72}"
EndProject
Project("{8BC9CEB8-8B4A-11D0-8D11-00A0C91BC942}") = "Chap00_switch", "Chap00_switch\Chap00_switch.vcxproj", "{58F7C775-13A9-40B7-B170-F3BF483B2234}"
EndProject
Project("{8BC9CEB8-8B4A-11D0-8D11-00A0C91BC942}") = "Chap00_반복문", "Chap00_반복문\Chap00_반복문.vcxproj", "{EB2008FC-4E9E-41FB-BABC-0958ABF44C73}"
EndProject
Project("{8BC9CEB8-8B4A-11D0-8D11-00A0C91BC942}") = "연습문제1-2주차", "연습문제-2주차\연습문제-2주차.vcxproj", "{7AF1F5A3-247F-4558-B758-0EB389BC16F5}"
EndProject
Project("{8BC9CEB8-8B4A-11D0-8D11-00A0C91BC942}") = "연습문제2-2주차", "연습문제2-2주차\연습문제2-2주차.vcxproj", "{AFD550FB-9CBC-4179-9805-5C0CDEAF98AF}"
EndProject
Project("{8BC9CEB8-8B4A-11D0-8D11-00A0C91BC942}") = "Chap01_자료구조와 알고리즘", "자료구조와 알고리즘\자료구조와 알고리즘.vcxproj", "{E04E4E74-3795-4CC3-B832-7B1F3A5BDA85}"
EndProject
Project("{8BC9CEB8-8B4A-11D0-8D11-00A0C91BC942}") = "Chap02_순환", "순환\순환.vcxproj", "{7DFC95E8-A330-4D64-A8A7-5887950104D7}"
EndProject
Project("{8BC9CEB8-8B4A-11D0-8D11-00A0C91BC942}") = "Chap02_순환2", "Chap02_순환2\Chap02_순환2.vcxproj", "{68E5663B-44BF-4056-8761-223DE0218548}"
EndProject
Project("{8BC9CEB8-8B4A-11D0-8D11-00A0C91BC942}") = "Chap03_구조체", "Chap03_구조체\Chap03_구조체.vcxproj", "{A6D94F41-BF2A-41FD-BF9A-1F2FF94F435C}"
EndProject
Project("{8BC9CEB8-8B4A-11D0-8D11-00A0C91BC942}") = "Chap03_포인터", "Chap03_포인터\Chap03_포인터.vcxproj", "{7282BFB5-2098-4D34-8F90-D5ACB605B893}"
EndProject
Project("{8BC9CEB8-8B4A-11D0-8D11-00A0C91BC942}") = "Chap04_배열과포인터", "Chap04_포인터\Chap04_포인터.vcxproj", "{63736608-684D-4823-8BB5-C6580313ABBA}"
EndProject
Project("{8BC9CEB8-8B4A-11D0-8D11-00A0C91BC942}") = "Chap05_스택", "Chap05_스택\Chap05_스택.vcxproj", "{279F671C-9740-4BCD-997C-882430BBB063}"
EndProject
Project("{8BC9CEB8-8B4A-11D0-8D11-00A0C91BC942}") = "Chap05-괄호검사", "Chap05-괄호검사\Chap05-괄호검사.vcxproj", "{1732926B-9EB3-440F-B509-A7B9A4888878}"
EndProject
Project("{8BC9CEB8-8B4A-11D0-8D11-00A0C91BC942}") = "Chap05_후위표기식", "Chap05_후위표기식\Chap05_후위표기식.vcxproj", "{30371B04-6FDA-4B6B-973C-8E333AB78428}"
EndProject
Project("{8BC9CEB8-8B4A-11D0-8D11-00A0C91BC942}") = "Chap05_미로", "Chap05_미로\Chap05_미로.vcxproj", "{BC045AB1-DED0-44DC-8547-B1FEFFEC6E8A}"
EndProject
Project("{8BC9CEB8-8B4A-11D0-8D11-00A0C91BC942}") = "Chap06_선형큐", "Chao06_큐\Chao06_큐.vcxproj", "{E0FF5F37-FA02-4D6B-935B-BEF5A483B993}"
EndProject
Project("{8BC9CEB8-8B4A-11D0-8D11-00A0C91BC942}") = "Chap06_원형큐", "Chap06_원형큐\Chap06_원형큐.vcxproj", "{1AF1D324-2720-4204-BEFC-29D822203322}"
EndProject
Project("{8BC9CEB8-8B4A-11D0-8D11-00A0C91BC942}") = "Chap06_버퍼", "Chap06_버퍼\Chap06_버퍼.vcxproj", "{0E3A6DB2-1FFF-4282-B7CF-425CEAF381F4}"
EndProject
Project("{8BC9CEB8-8B4A-11D0-8D11-00A0C91BC942}") = "Chap06_시뮬", "Chap06_시뮬\Chap06_시뮬.vcxproj", "{1FD8DD2D-1774-4342-B22C-873967ECF113}"
EndProject
Project("{8BC9CEB8-8B4A-11D0-8D11-00A0C91BC942}") = "Chap06_덱", "Chap_덱\Chap_덱.vcxproj", "{D5E0D7F0-7335-468A-A1FF-256B0B0224F1}"
EndProject
Project("{8BC9CEB8-8B4A-11D0-8D11-00A0C91BC942}") = "Chap07", "Chap07\Chap07.vcxproj", "{D4AD8E2B-8785-4B40-A7C0-A4731B1A84C5}"
EndProject
Project("{8BC9CEB8-8B4A-11D0-8D11-00A0C91BC942}") = "Chap07_연결리스트", "Chap07_연결리스트\Chap07_연결리스트.vcxproj", "{305BEE2D-E96A-41C2-A183-8E5A9D706319}"
EndProject
Project("{8BC9CEB8-8B4A-11D0-8D11-00A0C91BC942}") = "Chap07-insert", "Chap07-insert\Chap07-insert.vcxproj", "{3D065E8D-1B14-47B4-8E34-06C608BE418B}"
EndProject
Project("{8BC9CEB8-8B4A-11D0-8D11-00A0C91BC942}") = "Chap07_저장", "Chap07_저장\Chap07_저장.vcxproj", "{5F5C5032-01BC-4347-9B18-8B8367393498}"
EndProject
Project("{8BC9CEB8-8B4A-11D0-8D11-00A0C91BC942}") = "Chap07_원형연결", "Chap07_원형연결\Chap07_원형연결.vcxproj", "{D3BAE807-6B6B-44C4-BA0E-83152385E9B4}"
EndProject
Project("{8BC9CEB8-8B4A-11D0-8D11-00A0C91BC942}") = "Chap07_이중연결리스트", "Chap07_이중연결리스트\Chap07_이중연결리스트.vcxproj", "{F9582ABF-E8AB-42F7-8374-11EFF5F3048B}"
EndProject
Project("{8BC9CEB8-8B4A-11D0-8D11-00A0C91BC942}") = "mp3", "mp3\mp3.vcxproj", "{4510BE54-C736-4A8E-9201-D20DAB457C5C}"
EndProject
Global
	GlobalSection(SolutionConfigurationPlatforms) = preSolution
		Debug|x64 = Debug|x64
		Debug|x86 = Debug|x86
		Release|x64 = Release|x64
		Release|x86 = Release|x86
	EndGlobalSection
	GlobalSection(ProjectConfigurationPlatforms) = postSolution
		{861A7F20-E8D8-4EA2-9E1E-D916570B3F3B}.Debug|x64.ActiveCfg = Debug|x64
		{861A7F20-E8D8-4EA2-9E1E-D916570B3F3B}.Debug|x64.Build.0 = Debug|x64
		{861A7F20-E8D8-4EA2-9E1E-D916570B3F3B}.Debug|x86.ActiveCfg = Debug|Win32
		{861A7F20-E8D8-4EA2-9E1E-D916570B3F3B}.Debug|x86.Build.0 = Debug|Win32
		{861A7F20-E8D8-4EA2-9E1E-D916570B3F3B}.Release|x64.ActiveCfg = Release|x64
		{861A7F20-E8D8-4EA2-9E1E-D916570B3F3B}.Release|x64.Build.0 = Release|x64
		{861A7F20-E8D8-4EA2-9E1E-D916570B3F3B}.Release|x86.ActiveCfg = Release|Win32
		{861A7F20-E8D8-4EA2-9E1E-D916570B3F3B}.Release|x86.Build.0 = Release|Win32
		{251CFF65-EFEA-48E7-A0FB-ACD53D52BE87}.Debug|x64.ActiveCfg = Debug|x64
		{251CFF65-EFEA-48E7-A0FB-ACD53D52BE87}.Debug|x64.Build.0 = Debug|x64
		{251CFF65-EFEA-48E7-A0FB-ACD53D52BE87}.Debug|x86.ActiveCfg = Debug|Win32
		{251CFF65-EFEA-48E7-A0FB-ACD53D52BE87}.Debug|x86.Build.0 = Debug|Win32
		{251CFF65-EFEA-48E7-A0FB-ACD53D52BE87}.Release|x64.ActiveCfg = Release|x64
		{251CFF65-EFEA-48E7-A0FB-ACD53D52BE87}.Release|x64.Build.0 = Release|x64
		{251CFF65-EFEA-48E7-A0FB-ACD53D52BE87}.Release|x86.ActiveCfg = Release|Win32
		{251CFF65-EFEA-48E7-A0FB-ACD53D52BE87}.Release|x86.Build.0 = Release|Win32
		{0C5DA3D2-80D8-4401-A951-15DC14CCAF72}.Debug|x64.ActiveCfg = Debug|x64
		{0C5DA3D2-80D8-4401-A951-15DC14CCAF72}.Debug|x64.Build.0 = Debug|x64
		{0C5DA3D2-80D8-4401-A951-15DC14CCAF72}.Debug|x86.ActiveCfg = Debug|Win32
		{0C5DA3D2-80D8-4401-A951-15DC14CCAF72}.Debug|x86.Build.0 = Debug|Win32
		{0C5DA3D2-80D8-4401-A951-15DC14CCAF72}.Release|x64.ActiveCfg = Release|x64
		{0C5DA3D2-80D8-4401-A951-15DC14CCAF72}.Release|x64.Build.0 = Release|x64
		{0C5DA3D2-80D8-4401-A951-15DC14CCAF72}.Release|x86.ActiveCfg = Release|Win32
		{0C5DA3D2-80D8-4401-A951-15DC14CCAF72}.Release|x86.Build.0 = Release|Win32
		{58F7C775-13A9-40B7-B170-F3BF483B2234}.Debug|x64.ActiveCfg = Debug|x64
		{58F7C775-13A9-40B7-B170-F3BF483B2234}.Debug|x64.Build.0 = Debug|x64
		{58F7C775-13A9-40B7-B170-F3BF483B2234}.Debug|x86.ActiveCfg = Debug|Win32
		{58F7C775-13A9-40B7-B170-F3BF483B2234}.Debug|x86.Build.0 = Debug|Win32
		{58F7C775-13A9-40B7-B170-F3BF483B2234}.Release|x64.ActiveCfg = Release|x64
		{58F7C775-13A9-40B7-B170-F3BF483B2234}.Release|x64.Build.0 = Release|x64
		{58F7C775-13A9-40B7-B170-F3BF483B2234}.Release|x86.ActiveCfg = Release|Win32
		{58F7C775-13A9-40B7-B170-F3BF483B2234}.Release|x86.Build.0 = Release|Win32
		{EB2008FC-4E9E-41FB-BABC-0958ABF44C73}.Debug|x64.ActiveCfg = Debug|x64
		{EB2008FC-4E9E-41FB-BABC-0958ABF44C73}.Debug|x64.Build.0 = Debug|x64
		{EB2008FC-4E9E-41FB-BABC-0958ABF44C73}.Debug|x86.ActiveCfg = Debug|Win32
		{EB2008FC-4E9E-41FB-BABC-0958ABF44C73}.Debug|x86.Build.0 = Debug|Win32
		{EB2008FC-4E9E-41FB-BABC-0958ABF44C73}.Release|x64.ActiveCfg = Release|x64
		{EB2008FC-4E9E-41FB-BABC-0958ABF44C73}.Release|x64.Build.0 = Release|x64
		{EB2008FC-4E9E-41FB-BABC-0958ABF44C73}.Release|x86.ActiveCfg = Release|Win32
		{EB2008FC-4E9E-41FB-BABC-0958ABF44C73}.Release|x86.Build.0 = Release|Win32
		{7AF1F5A3-247F-4558-B758-0EB389BC16F5}.Debug|x64.ActiveCfg = Debug|x64
		{7AF1F5A3-247F-4558-B758-0EB389BC16F5}.Debug|x64.Build.0 = Debug|x64
		{7AF1F5A3-247F-4558-B758-0EB389BC16F5}.Debug|x86.ActiveCfg = Debug|Win32
		{7AF1F5A3-247F-4558-B758-0EB389BC16F5}.Debug|x86.Build.0 = Debug|Win32
		{7AF1F5A3-247F-4558-B758-0EB389BC16F5}.Release|x64.ActiveCfg = Release|x64
		{7AF1F5A3-247F-4558-B758-0EB389BC16F5}.Release|x64.Build.0 = Release|x64
		{7AF1F5A3-247F-4558-B758-0EB389BC16F5}.Release|x86.ActiveCfg = Release|Win32
		{7AF1F5A3-247F-4558-B758-0EB389BC16F5}.Release|x86.Build.0 = Release|Win32
		{AFD550FB-9CBC-4179-9805-5C0CDEAF98AF}.Debug|x64.ActiveCfg = Debug|x64
		{AFD550FB-9CBC-4179-9805-5C0CDEAF98AF}.Debug|x64.Build.0 = Debug|x64
		{AFD550FB-9CBC-4179-9805-5C0CDEAF98AF}.Debug|x86.ActiveCfg = Debug|Win32
		{AFD550FB-9CBC-4179-9805-5C0CDEAF98AF}.Debug|x86.Build.0 = Debug|Win32
		{AFD550FB-9CBC-4179-9805-5C0CDEAF98AF}.Release|x64.ActiveCfg = Release|x64
		{AFD550FB-9CBC-4179-9805-5C0CDEAF98AF}.Release|x64.Build.0 = Release|x64
		{AFD550FB-9CBC-4179-9805-5C0CDEAF98AF}.Release|x86.ActiveCfg = Release|Win32
		{AFD550FB-9CBC-4179-9805-5C0CDEAF98AF}.Release|x86.Build.0 = Release|Win32
		{E04E4E74-3795-4CC3-B832-7B1F3A5BDA85}.Debug|x64.ActiveCfg = Debug|x64
		{E04E4E74-3795-4CC3-B832-7B1F3A5BDA85}.Debug|x64.Build.0 = Debug|x64
		{E04E4E74-3795-4CC3-B832-7B1F3A5BDA85}.Debug|x86.ActiveCfg = Debug|Win32
		{E04E4E74-3795-4CC3-B832-7B1F3A5BDA85}.Debug|x86.Build.0 = Debug|Win32
		{E04E4E74-3795-4CC3-B832-7B1F3A5BDA85}.Release|x64.ActiveCfg = Release|x64
		{E04E4E74-3795-4CC3-B832-7B1F3A5BDA85}.Release|x64.Build.0 = Release|x64
		{E04E4E74-3795-4CC3-B832-7B1F3A5BDA85}.Release|x86.ActiveCfg = Release|Win32
		{E04E4E74-3795-4CC3-B832-7B1F3A5BDA85}.Release|x86.Build.0 = Release|Win32
		{7DFC95E8-A330-4D64-A8A7-5887950104D7}.Debug|x64.ActiveCfg = Debug|x64
		{7DFC95E8-A330-4D64-A8A7-5887950104D7}.Debug|x64.Build.0 = Debug|x64
		{7DFC95E8-A330-4D64-A8A7-5887950104D7}.Debug|x86.ActiveCfg = Debug|Win32
		{7DFC95E8-A330-4D64-A8A7-5887950104D7}.Debug|x86.Build.0 = Debug|Win32
		{7DFC95E8-A330-4D64-A8A7-5887950104D7}.Release|x64.ActiveCfg = Release|x64
		{7DFC95E8-A330-4D64-A8A7-5887950104D7}.Release|x64.Build.0 = Release|x64
		{7DFC95E8-A330-4D64-A8A7-5887950104D7}.Release|x86.ActiveCfg = Release|Win32
		{7DFC95E8-A330-4D64-A8A7-5887950104D7}.Release|x86.Build.0 = Release|Win32
		{68E5663B-44BF-4056-8761-223DE0218548}.Debug|x64.ActiveCfg = Debug|x64
		{68E5663B-44BF-4056-8761-223DE0218548}.Debug|x64.Build.0 = Debug|x64
		{68E5663B-44BF-4056-8761-223DE0218548}.Debug|x86.ActiveCfg = Debug|Win32
		{68E5663B-44BF-4056-8761-223DE0218548}.Debug|x86.Build.0 = Debug|Win32
		{68E5663B-44BF-4056-8761-223DE0218548}.Release|x64.ActiveCfg = Release|x64
		{68E5663B-44BF-4056-8761-223DE0218548}.Release|x64.Build.0 = Release|x64
		{68E5663B-44BF-4056-8761-223DE0218548}.Release|x86.ActiveCfg = Release|Win32
		{68E5663B-44BF-4056-8761-223DE0218548}.Release|x86.Build.0 = Release|Win32
		{A6D94F41-BF2A-41FD-BF9A-1F2FF94F435C}.Debug|x64.ActiveCfg = Debug|x64
		{A6D94F41-BF2A-41FD-BF9A-1F2FF94F435C}.Debug|x64.Build.0 = Debug|x64
		{A6D94F41-BF2A-41FD-BF9A-1F2FF94F435C}.Debug|x86.ActiveCfg = Debug|Win32
		{A6D94F41-BF2A-41FD-BF9A-1F2FF94F435C}.Debug|x86.Build.0 = Debug|Win32
		{A6D94F41-BF2A-41FD-BF9A-1F2FF94F435C}.Release|x64.ActiveCfg = Release|x64
		{A6D94F41-BF2A-41FD-BF9A-1F2FF94F435C}.Release|x64.Build.0 = Release|x64
		{A6D94F41-BF2A-41FD-BF9A-1F2FF94F435C}.Release|x86.ActiveCfg = Release|Win32
		{A6D94F41-BF2A-41FD-BF9A-1F2FF94F435C}.Release|x86.Build.0 = Release|Win32
		{7282BFB5-2098-4D34-8F90-D5ACB605B893}.Debug|x64.ActiveCfg = Debug|x64
		{7282BFB5-2098-4D34-8F90-D5ACB605B893}.Debug|x64.Build.0 = Debug|x64
		{7282BFB5-2098-4D34-8F90-D5ACB605B893}.Debug|x86.ActiveCfg = Debug|Win32
		{7282BFB5-2098-4D34-8F90-D5ACB605B893}.Debug|x86.Build.0 = Debug|Win32
		{7282BFB5-2098-4D34-8F90-D5ACB605B893}.Release|x64.ActiveCfg = Release|x64
		{7282BFB5-2098-4D34-8F90-D5ACB605B893}.Release|x64.Build.0 = Release|x64
		{7282BFB5-2098-4D34-8F90-D5ACB605B893}.Release|x86.ActiveCfg = Release|Win32
		{7282BFB5-2098-4D34-8F90-D5ACB605B893}.Release|x86.Build.0 = Release|Win32
		{63736608-684D-4823-8BB5-C6580313ABBA}.Debug|x64.ActiveCfg = Debug|x64
		{63736608-684D-4823-8BB5-C6580313ABBA}.Debug|x64.Build.0 = Debug|x64
		{63736608-684D-4823-8BB5-C6580313ABBA}.Debug|x86.ActiveCfg = Debug|Win32
		{63736608-684D-4823-8BB5-C6580313ABBA}.Debug|x86.Build.0 = Debug|Win32
		{63736608-684D-4823-8BB5-C6580313ABBA}.Release|x64.ActiveCfg = Release|x64
		{63736608-684D-4823-8BB5-C6580313ABBA}.Release|x64.Build.0 = Release|x64
		{63736608-684D-4823-8BB5-C6580313ABBA}.Release|x86.ActiveCfg = Release|Win32
		{63736608-684D-4823-8BB5-C6580313ABBA}.Release|x86.Build.0 = Release|Win32
		{279F671C-9740-4BCD-997C-882430BBB063}.Debug|x64.ActiveCfg = Debug|x64
		{279F671C-9740-4BCD-997C-882430BBB063}.Debug|x64.Build.0 = Debug|x64
		{279F671C-9740-4BCD-997C-882430BBB063}.Debug|x86.ActiveCfg = Debug|Win32
		{279F671C-9740-4BCD-997C-882430BBB063}.Debug|x86.Build.0 = Debug|Win32
		{279F671C-9740-4BCD-997C-882430BBB063}.Release|x64.ActiveCfg = Release|x64
		{279F671C-9740-4BCD-997C-882430BBB063}.Release|x64.Build.0 = Release|x64
		{279F671C-9740-4BCD-997C-882430BBB063}.Release|x86.ActiveCfg = Release|Win32
		{279F671C-9740-4BCD-997C-882430BBB063}.Release|x86.Build.0 = Release|Win32
		{1732926B-9EB3-440F-B509-A7B9A4888878}.Debug|x64.ActiveCfg = Debug|x64
		{1732926B-9EB3-440F-B509-A7B9A4888878}.Debug|x64.Build.0 = Debug|x64
		{1732926B-9EB3-440F-B509-A7B9A4888878}.Debug|x86.ActiveCfg = Debug|Win32
		{1732926B-9EB3-440F-B509-A7B9A4888878}.Debug|x86.Build.0 = Debug|Win32
		{1732926B-9EB3-440F-B509-A7B9A4888878}.Release|x64.ActiveCfg = Release|x64
		{1732926B-9EB3-440F-B509-A7B9A4888878}.Release|x64.Build.0 = Release|x64
		{1732926B-9EB3-440F-B509-A7B9A4888878}.Release|x86.ActiveCfg = Release|Win32
		{1732926B-9EB3-440F-B509-A7B9A4888878}.Release|x86.Build.0 = Release|Win32
		{30371B04-6FDA-4B6B-973C-8E333AB78428}.Debug|x64.ActiveCfg = Debug|x64
		{30371B04-6FDA-4B6B-973C-8E333AB78428}.Debug|x64.Build.0 = Debug|x64
		{30371B04-6FDA-4B6B-973C-8E333AB78428}.Debug|x86.ActiveCfg = Debug|Win32
		{30371B04-6FDA-4B6B-973C-8E333AB78428}.Debug|x86.Build.0 = Debug|Win32
		{30371B04-6FDA-4B6B-973C-8E333AB78428}.Release|x64.ActiveCfg = Release|x64
		{30371B04-6FDA-4B6B-973C-8E333AB78428}.Release|x64.Build.0 = Release|x64
		{30371B04-6FDA-4B6B-973C-8E333AB78428}.Release|x86.ActiveCfg = Release|Win32
		{30371B04-6FDA-4B6B-973C-8E333AB78428}.Release|x86.Build.0 = Release|Win32
		{BC045AB1-DED0-44DC-8547-B1FEFFEC6E8A}.Debug|x64.ActiveCfg = Debug|x64
		{BC045AB1-DED0-44DC-8547-B1FEFFEC6E8A}.Debug|x64.Build.0 = Debug|x64
		{BC045AB1-DED0-44DC-8547-B1FEFFEC6E8A}.Debug|x86.ActiveCfg = Debug|Win32
		{BC045AB1-DED0-44DC-8547-B1FEFFEC6E8A}.Debug|x86.Build.0 = Debug|Win32
		{BC045AB1-DED0-44DC-8547-B1FEFFEC6E8A}.Release|x64.ActiveCfg = Release|x64
		{BC045AB1-DED0-44DC-8547-B1FEFFEC6E8A}.Release|x64.Build.0 = Release|x64
		{BC045AB1-DED0-44DC-8547-B1FEFFEC6E8A}.Release|x86.ActiveCfg = Release|Win32
		{BC045AB1-DED0-44DC-8547-B1FEFFEC6E8A}.Release|x86.Build.0 = Release|Win32
		{E0FF5F37-FA02-4D6B-935B-BEF5A483B993}.Debug|x64.ActiveCfg = Debug|x64
		{E0FF5F37-FA02-4D6B-935B-BEF5A483B993}.Debug|x64.Build.0 = Debug|x64
		{E0FF5F37-FA02-4D6B-935B-BEF5A483B993}.Debug|x86.ActiveCfg = Debug|Win32
		{E0FF5F37-FA02-4D6B-935B-BEF5A483B993}.Debug|x86.Build.0 = Debug|Win32
		{E0FF5F37-FA02-4D6B-935B-BEF5A483B993}.Release|x64.ActiveCfg = Release|x64
		{E0FF5F37-FA02-4D6B-935B-BEF5A483B993}.Release|x64.Build.0 = Release|x64
		{E0FF5F37-FA02-4D6B-935B-BEF5A483B993}.Release|x86.ActiveCfg = Release|Win32
		{E0FF5F37-FA02-4D6B-935B-BEF5A483B993}.Release|x86.Build.0 = Release|Win32
		{1AF1D324-2720-4204-BEFC-29D822203322}.Debug|x64.ActiveCfg = Debug|x64
		{1AF1D324-2720-4204-BEFC-29D822203322}.Debug|x64.Build.0 = Debug|x64
		{1AF1D324-2720-4204-BEFC-29D822203322}.Debug|x86.ActiveCfg = Debug|Win32
		{1AF1D324-2720-4204-BEFC-29D822203322}.Debug|x86.Build.0 = Debug|Win32
		{1AF1D324-2720-4204-BEFC-29D822203322}.Release|x64.ActiveCfg = Release|x64
		{1AF1D324-2720-4204-BEFC-29D822203322}.Release|x64.Build.0 = Release|x64
		{1AF1D324-2720-4204-BEFC-29D822203322}.Release|x86.ActiveCfg = Release|Win32
		{1AF1D324-2720-4204-BEFC-29D822203322}.Release|x86.Build.0 = Release|Win32
		{0E3A6DB2-1FFF-4282-B7CF-425CEAF381F4}.Debug|x64.ActiveCfg = Debug|x64
		{0E3A6DB2-1FFF-4282-B7CF-425CEAF381F4}.Debug|x64.Build.0 = Debug|x64
		{0E3A6DB2-1FFF-4282-B7CF-425CEAF381F4}.Debug|x86.ActiveCfg = Debug|Win32
		{0E3A6DB2-1FFF-4282-B7CF-425CEAF381F4}.Debug|x86.Build.0 = Debug|Win32
		{0E3A6DB2-1FFF-4282-B7CF-425CEAF381F4}.Release|x64.ActiveCfg = Release|x64
		{0E3A6DB2-1FFF-4282-B7CF-425CEAF381F4}.Release|x64.Build.0 = Release|x64
		{0E3A6DB2-1FFF-4282-B7CF-425CEAF381F4}.Release|x86.ActiveCfg = Release|Win32
		{0E3A6DB2-1FFF-4282-B7CF-425CEAF381F4}.Release|x86.Build.0 = Release|Win32
		{1FD8DD2D-1774-4342-B22C-873967ECF113}.Debug|x64.ActiveCfg = Debug|x64
		{1FD8DD2D-1774-4342-B22C-873967ECF113}.Debug|x64.Build.0 = Debug|x64
		{1FD8DD2D-1774-4342-B22C-873967ECF113}.Debug|x86.ActiveCfg = Debug|Win32
		{1FD8DD2D-1774-4342-B22C-873967ECF113}.Debug|x86.Build.0 = Debug|Win32
		{1FD8DD2D-1774-4342-B22C-873967ECF113}.Release|x64.ActiveCfg = Release|x64
		{1FD8DD2D-1774-4342-B22C-873967ECF113}.Release|x64.Build.0 = Release|x64
		{1FD8DD2D-1774-4342-B22C-873967ECF113}.Release|x86.ActiveCfg = Release|Win32
		{1FD8DD2D-1774-4342-B22C-873967ECF113}.Release|x86.Build.0 = Release|Win32
		{D5E0D7F0-7335-468A-A1FF-256B0B0224F1}.Debug|x64.ActiveCfg = Debug|x64
		{D5E0D7F0-7335-468A-A1FF-256B0B0224F1}.Debug|x64.Build.0 = Debug|x64
		{D5E0D7F0-7335-468A-A1FF-256B0B0224F1}.Debug|x86.ActiveCfg = Debug|Win32
		{D5E0D7F0-7335-468A-A1FF-256B0B0224F1}.Debug|x86.Build.0 = Debug|Win32
		{D5E0D7F0-7335-468A-A1FF-256B0B0224F1}.Release|x64.ActiveCfg = Release|x64
		{D5E0D7F0-7335-468A-A1FF-256B0B0224F1}.Release|x64.Build.0 = Release|x64
		{D5E0D7F0-7335-468A-A1FF-256B0B0224F1}.Release|x86.ActiveCfg = Release|Win32
		{D5E0D7F0-7335-468A-A1FF-256B0B0224F1}.Release|x86.Build.0 = Release|Win32
		{D4AD8E2B-8785-4B40-A7C0-A4731B1A84C5}.Debug|x64.ActiveCfg = Debug|x64
		{D4AD8E2B-8785-4B40-A7C0-A4731B1A84C5}.Debug|x64.Build.0 = Debug|x64
		{D4AD8E2B-8785-4B40-A7C0-A4731B1A84C5}.Debug|x86.ActiveCfg = Debug|Win32
		{D4AD8E2B-8785-4B40-A7C0-A4731B1A84C5}.Debug|x86.Build.0 = Debug|Win32
		{D4AD8E2B-8785-4B40-A7C0-A4731B1A84C5}.Release|x64.ActiveCfg = Release|x64
		{D4AD8E2B-8785-4B40-A7C0-A4731B1A84C5}.Release|x64.Build.0 = Release|x64
		{D4AD8E2B-8785-4B40-A7C0-A4731B1A84C5}.Release|x86.ActiveCfg = Release|Win32
		{D4AD8E2B-8785-4B40-A7C0-A4731B1A84C5}.Release|x86.Build.0 = Release|Win32
		{305BEE2D-E96A-41C2-A183-8E5A9D706319}.Debug|x64.ActiveCfg = Debug|x64
		{305BEE2D-E96A-41C2-A183-8E5A9D706319}.Debug|x64.Build.0 = Debug|x64
		{305BEE2D-E96A-41C2-A183-8E5A9D706319}.Debug|x86.ActiveCfg = Debug|Win32
		{305BEE2D-E96A-41C2-A183-8E5A9D706319}.Debug|x86.Build.0 = Debug|Win32
		{305BEE2D-E96A-41C2-A183-8E5A9D706319}.Release|x64.ActiveCfg = Release|x64
		{305BEE2D-E96A-41C2-A183-8E5A9D706319}.Release|x64.Build.0 = Release|x64
		{305BEE2D-E96A-41C2-A183-8E5A9D706319}.Release|x86.ActiveCfg = Release|Win32
		{305BEE2D-E96A-41C2-A183-8E5A9D706319}.Release|x86.Build.0 = Release|Win32
		{3D065E8D-1B14-47B4-8E34-06C608BE418B}.Debug|x64.ActiveCfg = Debug|x64
		{3D065E8D-1B14-47B4-8E34-06C608BE418B}.Debug|x64.Build.0 = Debug|x64
		{3D065E8D-1B14-47B4-8E34-06C608BE418B}.Debug|x86.ActiveCfg = Debug|Win32
		{3D065E8D-1B14-47B4-8E34-06C608BE418B}.Debug|x86.Build.0 = Debug|Win32
		{3D065E8D-1B14-47B4-8E34-06C608BE418B}.Release|x64.ActiveCfg = Release|x64
		{3D065E8D-1B14-47B4-8E34-06C608BE418B}.Release|x64.Build.0 = Release|x64
		{3D065E8D-1B14-47B4-8E34-06C608BE418B}.Release|x86.ActiveCfg = Release|Win32
		{3D065E8D-1B14-47B4-8E34-06C608BE418B}.Release|x86.Build.0 = Release|Win32
		{5F5C5032-01BC-4347-9B18-8B8367393498}.Debug|x64.ActiveCfg = Debug|x64
		{5F5C5032-01BC-4347-9B18-8B8367393498}.Debug|x64.Build.0 = Debug|x64
		{5F5C5032-01BC-4347-9B18-8B8367393498}.Debug|x86.ActiveCfg = Debug|Win32
		{5F5C5032-01BC-4347-9B18-8B8367393498}.Debug|x86.Build.0 = Debug|Win32
		{5F5C5032-01BC-4347-9B18-8B8367393498}.Release|x64.ActiveCfg = Release|x64
		{5F5C5032-01BC-4347-9B18-8B8367393498}.Release|x64.Build.0 = Release|x64
		{5F5C5032-01BC-4347-9B18-8B8367393498}.Release|x86.ActiveCfg = Release|Win32
		{5F5C5032-01BC-4347-9B18-8B8367393498}.Release|x86.Build.0 = Release|Win32
		{D3BAE807-6B6B-44C4-BA0E-83152385E9B4}.Debug|x64.ActiveCfg = Debug|x64
		{D3BAE807-6B6B-44C4-BA0E-83152385E9B4}.Debug|x64.Build.0 = Debug|x64
		{D3BAE807-6B6B-44C4-BA0E-83152385E9B4}.Debug|x86.ActiveCfg = Debug|Win32
		{D3BAE807-6B6B-44C4-BA0E-83152385E9B4}.Debug|x86.Build.0 = Debug|Win32
		{D3BAE807-6B6B-44C4-BA0E-83152385E9B4}.Release|x64.ActiveCfg = Release|x64
		{D3BAE807-6B6B-44C4-BA0E-83152385E9B4}.Release|x64.Build.0 = Release|x64
		{D3BAE807-6B6B-44C4-BA0E-83152385E9B4}.Release|x86.ActiveCfg = Release|Win32
		{D3BAE807-6B6B-44C4-BA0E-83152385E9B4}.Release|x86.Build.0 = Release|Win32
		{F9582ABF-E8AB-42F7-8374-11EFF5F3048B}.Debug|x64.ActiveCfg = Debug|x64
		{F9582ABF-E8AB-42F7-8374-11EFF5F3048B}.Debug|x64.Build.0 = Debug|x64
		{F9582ABF-E8AB-42F7-8374-11EFF5F3048B}.Debug|x86.ActiveCfg = Debug|Win32
		{F9582ABF-E8AB-42F7-8374-11EFF5F3048B}.Debug|x86.Build.0 = Debug|Win32
		{F9582ABF-E8AB-42F7-8374-11EFF5F3048B}.Release|x64.ActiveCfg = Release|x64
		{F9582ABF-E8AB-42F7-8374-11EFF5F3048B}.Release|x64.Build.0 = Release|x64
		{F9582ABF-E8AB-42F7-8374-11EFF5F3048B}.Release|x86.ActiveCfg = Release|Win32
		{F9582ABF-E8AB-42F7-8374-11EFF5F3048B}.Release|x86.Build.0 = Release|Win32
		{4510BE54-C736-4A8E-9201-D20DAB457C5C}.Debug|x64.ActiveCfg = Debug|x64
		{4510BE54-C736-4A8E-9201-D20DAB457C5C}.Debug|x64.Build.0 = Debug|x64
		{4510BE54-C736-4A8E-9201-D20DAB457C5C}.Debug|x86.ActiveCfg = Debug|Win32
		{4510BE54-C736-4A8E-9201-D20DAB457C5C}.Debug|x86.Build.0 = Debug|Win32
		{4510BE54-C736-4A8E-9201-D20DAB457C5C}.Release|x64.ActiveCfg = Release|x64
		{4510BE54-C736-4A8E-9201-D20DAB457C5C}.Release|x64.Build.0 = Release|x64
		{4510BE54-C736-4A8E-9201-D20DAB457C5C}.Release|x86.ActiveCfg = Release|Win32
		{4510BE54-C736-4A8E-9201-D20DAB457C5C}.Release|x86.Build.0 = Release|Win32
	EndGlobalSection
	GlobalSection(SolutionProperties) = preSolution
		HideSolutionNode = FALSE
	EndGlobalSection
	GlobalSection(ExtensibilityGlobals) = postSolution
		SolutionGuid = {0EB74002-290B-4194-8661-07CA23ECD937}
	EndGlobalSection
EndGlobal
